
Microsoft Visual Studio Solution File, Format Version 12.00
# Visual Studio Version 17
VisualStudioVersion = 17.5.33530.505
MinimumVisualStudioVersion = 10.0.40219.1
Project("{FAE04EC0-301F-11D3-BF4B-00C04F79EFBC}") = "SeleniumTests", "SeleniumTests\SeleniumTests.csproj", "{290AC0B2-F83D-40A7-B839-F881CEC3A0F4}"
EndProject
Project("{FAE04EC0-301F-11D3-BF4B-00C04F79EFBC}") = "SeleniumFramework", "SeleniumFramework\SeleniumFramework.csproj", "{921F04F6-A060-40A7-BD2E-050A4ADF1521}"
EndProject
Global
	GlobalSection(SolutionConfigurationPlatforms) = preSolution
		Debug|Any CPU = Debug|Any CPU
		Release|Any CPU = Release|Any CPU
	EndGlobalSection
	GlobalSection(ProjectConfigurationPlatforms) = postSolution
		{290AC0B2-F83D-40A7-B839-F881CEC3A0F4}.Debug|Any CPU.ActiveCfg = Debug|Any CPU
		{290AC0B2-F83D-40A7-B839-F881CEC3A0F4}.Debug|Any CPU.Build.0 = Debug|Any CPU
		{290AC0B2-F83D-40A7-B839-F881CEC3A0F4}.Release|Any CPU.ActiveCfg = Release|Any CPU
		{290AC0B2-F83D-40A7-B839-F881CEC3A0F4}.Release|Any CPU.Build.0 = Release|Any CPU
		{921F04F6-A060-40A7-BD2E-050A4ADF1521}.Debug|Any CPU.ActiveCfg = Debug|Any CPU
		{921F04F6-A060-40A7-BD2E-050A4ADF1521}.Debug|Any CPU.Build.0 = Debug|Any CPU
		{921F04F6-A060-40A7-BD2E-050A4ADF1521}.Release|Any CPU.ActiveCfg = Release|Any CPU
		{921F04F6-A060-40A7-BD2E-050A4ADF1521}.Release|Any CPU.Build.0 = Release|Any CPU
	EndGlobalSection
	GlobalSection(SolutionProperties) = preSolution
		HideSolutionNode = FALSE
	EndGlobalSection
	GlobalSection(ExtensibilityGlobals) = postSolution
		SolutionGuid = {125EA1EB-0086-4CAF-B876-9170A78F9149}
	EndGlobalSection
EndGlobal
